github.com/jun06t/C v1.4.0 h1:X9/CHhmQ25ZnBAi7GElNMVF40PP9eqop4sxjgHpRsrM=
github.com/jun06t/C v1.4.0/go.mod h1:SVISDXI8um9jvLiLsdX8TTP6g5TLJbIikMW2Z1zSw3w=
github.com/jun06t/D v1.2.0 h1:Isso3Zc0HM28+euBvZsD/jpySRYI5pYenxcItF9Z/xA=
github.com/jun06t/D v1.2.0/go.mod h1:SOyfgQlvvN+nrSXDkHa9wLQZGkDWYOtuwS7PwHC2z6w=
